// !$*UTF8*$!
{
	archiveVersion = 1;
	classes = {
	};
	objectVersion = 52;
	objects = {

/* Begin PBXBuildFile section */
		01826F3529F6FCF600DDF7A2 /* GoogleService-Info.plist in Resources */ = {isa = PBXBuildFile; fileRef = 01826F3429F6FCF600DDF7A2 /* GoogleService-Info.plist */; };
		01826F3829F6FF4700DDF7A2 /* FirebaseAnalytics in Frameworks */ = {isa = PBXBuildFile; productRef = 01826F3729F6FF4700DDF7A2 /* FirebaseAnalytics */; };
		01826F3A29F6FF4700DDF7A2 /* FirebaseAnalyticsSwift in Frameworks */ = {isa = PBXBuildFile; productRef = 01826F3929F6FF4700DDF7A2 /* FirebaseAnalyticsSwift */; };
		01826F3D29F705BE00DDF7A2 /* FirebaseAuth in Frameworks */ = {isa = PBXBuildFile; productRef = 01826F3C29F705BE00DDF7A2 /* FirebaseAuth */; };
		01826F3F29F71A7700DDF7A2 /* FirebaseFirestoreSwift in Frameworks */ = {isa = PBXBuildFile; productRef = 01826F3E29F71A7700DDF7A2 /* FirebaseFirestoreSwift */; };
		01826F4329F722ED00DDF7A2 /* AuthenticatedView.swift in Sources */ = {isa = PBXBuildFile; fileRef = 01826F4229F722ED00DDF7A2 /* AuthenticatedView.swift */; };
		01826F4529F7232400DDF7A2 /* AuthenticationView.swift in Sources */ = {isa = PBXBuildFile; fileRef = 01826F4429F7232400DDF7A2 /* AuthenticationView.swift */; };
		01826F4729F7234E00DDF7A2 /* AuthenticationViewModel.swift in Sources */ = {isa = PBXBuildFile; fileRef = 01826F4629F7234E00DDF7A2 /* AuthenticationViewModel.swift */; };
		01826F4929F7237200DDF7A2 /* LoginView.swift in Sources */ = {isa = PBXBuildFile; fileRef = 01826F4829F7237200DDF7A2 /* LoginView.swift */; };
		01826F4B29F7239500DDF7A2 /* SignupView.swift in Sources */ = {isa = PBXBuildFile; fileRef = 01826F4A29F7239500DDF7A2 /* SignupView.swift */; };
		01826F4D29F723B700DDF7A2 /* UserProfileView.swift in Sources */ = {isa = PBXBuildFile; fileRef = 01826F4C29F723B700DDF7A2 /* UserProfileView.swift */; };
		BB5F3CCA25BC975600EDA326 /* APIServiceCombine.swift in Sources */ = {isa = PBXBuildFile; fileRef = BB5F3CC925BC975600EDA326 /* APIServiceCombine.swift */; };
		BB90C5BA25BA28DE006FDCF3 /* UIApplication+Extension.swift in Sources */ = {isa = PBXBuildFile; fileRef = BB90C5B925BA28DE006FDCF3 /* UIApplication+Extension.swift */; };
		BBD09F1525B8C897002CA189 /* SDWebImageSwiftUI in Frameworks */ = {isa = PBXBuildFile; productRef = BBD09F1425B8C897002CA189 /* SDWebImageSwiftUI */; };
		BBD119BE25B6208A00ECA5A1 /* Weather_App.swift in Sources */ = {isa = PBXBuildFile; fileRef = BBD119BD25B6208A00ECA5A1 /* Weather_App.swift */; };
		BBD119C025B6208A00ECA5A1 /* ContentView.swift in Sources */ = {isa = PBXBuildFile; fileRef = BBD119BF25B6208A00ECA5A1 /* ContentView.swift */; };
		BBD119C225B6208B00ECA5A1 /* Assets.xcassets in Resources */ = {isa = PBXBuildFile; fileRef = BBD119C125B6208B00ECA5A1 /* Assets.xcassets */; };
		BBD119C525B6208B00ECA5A1 /* Preview Assets.xcassets in Resources */ = {isa = PBXBuildFile; fileRef = BBD119C425B6208B00ECA5A1 /* Preview Assets.xcassets */; };
		BBD119CE25B620A400ECA5A1 /* APIService.swift in Sources */ = {isa = PBXBuildFile; fileRef = BBD119CD25B620A400ECA5A1 /* APIService.swift */; };
		BBD119D125B620BB00ECA5A1 /* Forecast.swift in Sources */ = {isa = PBXBuildFile; fileRef = BBD119D025B620BB00ECA5A1 /* Forecast.swift */; };
		BBD5AED525B7774000DD583E /* ForecastListViewModel.swift in Sources */ = {isa = PBXBuildFile; fileRef = BBD5AED425B7774000DD583E /* ForecastListViewModel.swift */; };
		BBD8E74125B7724A00D1B91A /* ForecastViewModel.swift in Sources */ = {isa = PBXBuildFile; fileRef = BBD8E74025B7724A00D1B91A /* ForecastViewModel.swift */; };
/* End PBXBuildFile section */

/* Begin PBXFileReference section */
		01826F3429F6FCF600DDF7A2 /* GoogleService-Info.plist */ = {isa = PBXFileReference; fileEncoding = 4; lastKnownFileType = text.plist.xml; path = "GoogleService-Info.plist"; sourceTree = "<group>"; };
		01826F4229F722ED00DDF7A2 /* AuthenticatedView.swift */ = {isa = PBXFileReference; lastKnownFileType = sourcecode.swift; path = AuthenticatedView.swift; sourceTree = "<group>"; };
		01826F4429F7232400DDF7A2 /* AuthenticationView.swift */ = {isa = PBXFileReference; lastKnownFileType = sourcecode.swift; path = AuthenticationView.swift; sourceTree = "<group>"; };
		01826F4629F7234E00DDF7A2 /* AuthenticationViewModel.swift */ = {isa = PBXFileReference; lastKnownFileType = sourcecode.swift; path = AuthenticationViewModel.swift; sourceTree = "<group>"; };
		01826F4829F7237200DDF7A2 /* LoginView.swift */ = {isa = PBXFileReference; lastKnownFileType = sourcecode.swift; path = LoginView.swift; sourceTree = "<group>"; };
		01826F4A29F7239500DDF7A2 /* SignupView.swift */ = {isa = PBXFileReference; lastKnownFileType = sourcecode.swift; path = SignupView.swift; sourceTree = "<group>"; };
		01826F4C29F723B700DDF7A2 /* UserProfileView.swift */ = {isa = PBXFileReference; lastKnownFileType = sourcecode.swift; path = UserProfileView.swift; sourceTree = "<group>"; };
		BB5F3CC925BC975600EDA326 /* APIServiceCombine.swift */ = {isa = PBXFileReference; lastKnownFileType = sourcecode.swift; path = APIServiceCombine.swift; sourceTree = "<group>"; };
		BB90C5B925BA28DE006FDCF3 /* UIApplication+Extension.swift */ = {isa = PBXFileReference; lastKnownFileType = sourcecode.swift; path = "UIApplication+Extension.swift"; sourceTree = "<group>"; };
		BBD119BA25B6208A00ECA5A1 /* Mobile Weather App.app */ = {isa = PBXFileReference; explicitFileType = wrapper.application; includeInIndex = 0; path = "Mobile Weather App.app"; sourceTree = BUILT_PRODUCTS_DIR; };
		BBD119BD25B6208A00ECA5A1 /* Weather_App.swift */ = {isa = PBXFileReference; lastKnownFileType = sourcecode.swift; path = Weather_App.swift; sourceTree = "<group>"; };
		BBD119BF25B6208A00ECA5A1 /* ContentView.swift */ = {isa = PBXFileReference; lastKnownFileType = sourcecode.swift; path = ContentView.swift; sourceTree = "<group>"; };
		BBD119C125B6208B00ECA5A1 /* Assets.xcassets */ = {isa = PBXFileReference; lastKnownFileType = folder.assetcatalog; path = Assets.xcassets; sourceTree = "<group>"; };
		BBD119C425B6208B00ECA5A1 /* Preview Assets.xcassets */ = {isa = PBXFileReference; lastKnownFileType = folder.assetcatalog; path = "Preview Assets.xcassets"; sourceTree = "<group>"; };
		BBD119C625B6208B00ECA5A1 /* Info.plist */ = {isa = PBXFileReference; lastKnownFileType = text.plist.xml; path = Info.plist; sourceTree = "<group>"; };
		BBD119CD25B620A400ECA5A1 /* APIService.swift */ = {isa = PBXFileReference; fileEncoding = 4; lastKnownFileType = sourcecode.swift; path = APIService.swift; sourceTree = "<group>"; };
		BBD119D025B620BB00ECA5A1 /* Forecast.swift */ = {isa = PBXFileReference; lastKnownFileType = sourcecode.swift; path = Forecast.swift; sourceTree = "<group>"; };
		BBD5AED425B7774000DD583E /* ForecastListViewModel.swift */ = {isa = PBXFileReference; lastKnownFileType = sourcecode.swift; path = ForecastListViewModel.swift; sourceTree = "<group>"; };
		BBD8E74025B7724A00D1B91A /* ForecastViewModel.swift */ = {isa = PBXFileReference; lastKnownFileType = sourcecode.swift; path = ForecastViewModel.swift; sourceTree = "<group>"; };
/* End PBXFileReference section */

/* Begin PBXFrameworksBuildPhase section */
		BBD119B725B6208A00ECA5A1 /* Frameworks */ = {
			isa = PBXFrameworksBuildPhase;
			buildActionMask = 2147483647;
			files = (
				01826F3F29F71A7700DDF7A2 /* FirebaseFirestoreSwift in Frameworks */,
				01826F3A29F6FF4700DDF7A2 /* FirebaseAnalyticsSwift in Frameworks */,
				01826F3829F6FF4700DDF7A2 /* FirebaseAnalytics in Frameworks */,
				BBD09F1525B8C897002CA189 /* SDWebImageSwiftUI in Frameworks */,
				01826F3D29F705BE00DDF7A2 /* FirebaseAuth in Frameworks */,
			);
			runOnlyForDeploymentPostprocessing = 0;
		};
/* End PBXFrameworksBuildPhase section */

/* Begin PBXGroup section */
		01826F3B29F705BE00DDF7A2 /* Frameworks */ = {
			isa = PBXGroup;
			children = (
			);
			name = Frameworks;
			sourceTree = "<group>";
		};
		01826F4E29F724BF00DDF7A2 /* Views */ = {
			isa = PBXGroup;
			children = (
				01826F4629F7234E00DDF7A2 /* AuthenticationViewModel.swift */,
				BBD119BF25B6208A00ECA5A1 /* ContentView.swift */,
				01826F4229F722ED00DDF7A2 /* AuthenticatedView.swift */,
				01826F4429F7232400DDF7A2 /* AuthenticationView.swift */,
				01826F4829F7237200DDF7A2 /* LoginView.swift */,
				01826F4A29F7239500DDF7A2 /* SignupView.swift */,
				01826F4C29F723B700DDF7A2 /* UserProfileView.swift */,
			);
			path = Views;
			sourceTree = "<group>";
		};
		01826F4F29F7253C00DDF7A2 /* Models */ = {
			isa = PBXGroup;
			children = (
				BBD8E74025B7724A00D1B91A /* ForecastViewModel.swift */,
				BBD119BD25B6208A00ECA5A1 /* Weather_App.swift */,
				BB90C5B925BA28DE006FDCF3 /* UIApplication+Extension.swift */,
				BBD5AED425B7774000DD583E /* ForecastListViewModel.swift */,
				BBD119D025B620BB00ECA5A1 /* Forecast.swift */,
			);
			path = Models;
			sourceTree = "<group>";
		};
		BBD119B125B6208A00ECA5A1 = {
			isa = PBXGroup;
			children = (
				BBD119BC25B6208A00ECA5A1 /* Mobile Weather App */,
				BBD119BB25B6208A00ECA5A1 /* Products */,
				01826F3B29F705BE00DDF7A2 /* Frameworks */,
			);
			sourceTree = "<group>";
		};
		BBD119BB25B6208A00ECA5A1 /* Products */ = {
			isa = PBXGroup;
			children = (
				BBD119BA25B6208A00ECA5A1 /* Mobile Weather App.app */,
			);
			name = Products;
			sourceTree = "<group>";
		};
		BBD119BC25B6208A00ECA5A1 /* Mobile Weather App */ = {
			isa = PBXGroup;
			children = (
				01826F4F29F7253C00DDF7A2 /* Models */,
				01826F4E29F724BF00DDF7A2 /* Views */,
				BBD119C125B6208B00ECA5A1 /* Assets.xcassets */,
				BBD119C625B6208B00ECA5A1 /* Info.plist */,
				01826F3429F6FCF600DDF7A2 /* GoogleService-Info.plist */,
				BBD119CD25B620A400ECA5A1 /* APIService.swift */,
				BB5F3CC925BC975600EDA326 /* APIServiceCombine.swift */,
				BBD119C325B6208B00ECA5A1 /* Preview Content */,
			);
			path = "Mobile Weather App";
			sourceTree = "<group>";
		};
		BBD119C325B6208B00ECA5A1 /* Preview Content */ = {
			isa = PBXGroup;
			children = (
				BBD119C425B6208B00ECA5A1 /* Preview Assets.xcassets */,
			);
			path = "Preview Content";
			sourceTree = "<group>";
		};
/* End PBXGroup section */

/* Begin PBXNativeTarget section */
		BBD119B925B6208A00ECA5A1 /* Mobile Weather App */ = {
			isa = PBXNativeTarget;
			buildConfigurationList = BBD119C925B6208B00ECA5A1 /* Build configuration list for PBXNativeTarget "Mobile Weather App" */;
			buildPhases = (
				BBD119B625B6208A00ECA5A1 /* Sources */,
				BBD119B725B6208A00ECA5A1 /* Frameworks */,
				BBD119B825B6208A00ECA5A1 /* Resources */,
			);
			buildRules = (
			);
			dependencies = (
			);
			name = "Mobile Weather App";
			packageProductDependencies = (
				BBD09F1425B8C897002CA189 /* SDWebImageSwiftUI */,
				01826F3729F6FF4700DDF7A2 /* FirebaseAnalytics */,
				01826F3929F6FF4700DDF7A2 /* FirebaseAnalyticsSwift */,
				01826F3C29F705BE00DDF7A2 /* FirebaseAuth */,
				01826F3E29F71A7700DDF7A2 /* FirebaseFirestoreSwift */,
			);
			productName = "Mobile Weather App";
			productReference = BBD119BA25B6208A00ECA5A1 /* Mobile Weather App.app */;
			productType = "com.apple.product-type.application";
		};
/* End PBXNativeTarget section */

/* Begin PBXProject section */
		BBD119B225B6208A00ECA5A1 /* Project object */ = {
			isa = PBXProject;
			attributes = {
				LastSwiftUpdateCheck = 1230;
				LastUpgradeCheck = 1230;
				TargetAttributes = {
					BBD119B925B6208A00ECA5A1 = {
						CreatedOnToolsVersion = 12.3;
					};
				};
			};
			buildConfigurationList = BBD119B525B6208A00ECA5A1 /* Build configuration list for PBXProject "Mobile Weather App" */;
			compatibilityVersion = "Xcode 9.3";
			developmentRegion = en;
			hasScannedForEncodings = 0;
			knownRegions = (
				en,
				Base,
			);
			mainGroup = BBD119B125B6208A00ECA5A1;
			packageReferences = (
				BBD09F1325B8C897002CA189 /* XCRemoteSwiftPackageReference "SDWebImageSwiftUI" */,
				01826F3629F6FF4700DDF7A2 /* XCRemoteSwiftPackageReference "firebase-ios-sdk" */,
			);
			productRefGroup = BBD119BB25B6208A00ECA5A1 /* Products */;
			projectDirPath = "";
			projectRoot = "";
			targets = (
				BBD119B925B6208A00ECA5A1 /* Mobile Weather App */,
			);
		};
/* End PBXProject section */

/* Begin PBXResourcesBuildPhase section */
		BBD119B825B6208A00ECA5A1 /* Resources */ = {
			isa = PBXResourcesBuildPhase;
			buildActionMask = 2147483647;
			files = (
				BBD119C525B6208B00ECA5A1 /* Preview Assets.xcassets in Resources */,
				01826F3529F6FCF600DDF7A2 /* GoogleService-Info.plist in Resources */,
				BBD119C225B6208B00ECA5A1 /* Assets.xcassets in Resources */,
			);
			runOnlyForDeploymentPostprocessing = 0;
		};
/* End PBXResourcesBuildPhase section */

/* Begin PBXSourcesBuildPhase section */
		BBD119B625B6208A00ECA5A1 /* Sources */ = {
			isa = PBXSourcesBuildPhase;
			buildActionMask = 2147483647;
			files = (
				BBD119D125B620BB00ECA5A1 /* Forecast.swift in Sources */,
				BBD119C025B6208A00ECA5A1 /* ContentView.swift in Sources */,
				BB5F3CCA25BC975600EDA326 /* APIServiceCombine.swift in Sources */,
				BBD119CE25B620A400ECA5A1 /* APIService.swift in Sources */,
				01826F4729F7234E00DDF7A2 /* AuthenticationViewModel.swift in Sources */,
				01826F4529F7232400DDF7A2 /* AuthenticationView.swift in Sources */,
				01826F4929F7237200DDF7A2 /* LoginView.swift in Sources */,
				01826F4D29F723B700DDF7A2 /* UserProfileView.swift in Sources */,
				01826F4329F722ED00DDF7A2 /* AuthenticatedView.swift in Sources */,
				BBD119BE25B6208A00ECA5A1 /* Weather_App.swift in Sources */,
				BBD8E74125B7724A00D1B91A /* ForecastViewModel.swift in Sources */,
				BBD5AED525B7774000DD583E /* ForecastListViewModel.swift in Sources */,
				01826F4B29F7239500DDF7A2 /* SignupView.swift in Sources */,
				BB90C5BA25BA28DE006FDCF3 /* UIApplication+Extension.swift in Sources */,
			);
			runOnlyForDeploymentPostprocessing = 0;
		};
/* End PBXSourcesBuildPhase section */

/* Begin XCBuildConfiguration section */
		BBD119C725B6208B00ECA5A1 /* Debug */ = {
			isa = XCBuildConfiguration;
			buildSettings = {
				ALWAYS_SEARCH_USER_PATHS = NO;
				CLANG_ANALYZER_NONNULL = YES;
				CLANG_ANALYZER_NUMBER_OBJECT_CONVERSION = YES_AGGRESSIVE;
				CLANG_CXX_LANGUAGE_STANDARD = "gnu++14";
				CLANG_CXX_LIBRARY = "libc++";
				CLANG_ENABLE_MODULES = YES;
				CLANG_ENABLE_OBJC_ARC = YES;
				CLANG_ENABLE_OBJC_WEAK = YES;
				CLANG_WARN_BLOCK_CAPTURE_AUTORELEASING = YES;
				CLANG_WARN_BOOL_CONVERSION = YES;
				CLANG_WARN_COMMA = YES;
				CLANG_WARN_CONSTANT_CONVERSION = YES;
				CLANG_WARN_DEPRECATED_OBJC_IMPLEMENTATIONS = YES;
				CLANG_WARN_DIRECT_OBJC_ISA_USAGE = YES_ERROR;
				CLANG_WARN_DOCUMENTATION_COMMENTS = YES;
				CLANG_WARN_EMPTY_BODY = YES;
				CLANG_WARN_ENUM_CONVERSION = YES;
				CLANG_WARN_INFINITE_RECURSION = YES;
				CLANG_WARN_INT_CONVERSION = YES;
				CLANG_WARN_NON_LITERAL_NULL_CONVERSION = YES;
				CLANG_WARN_OBJC_IMPLICIT_RETAIN_SELF = YES;
				CLANG_WARN_OBJC_LITERAL_CONVERSION = YES;
				CLANG_WARN_OBJC_ROOT_CLASS = YES_ERROR;
				CLANG_WARN_QUOTED_INCLUDE_IN_FRAMEWORK_HEADER = YES;
				CLANG_WARN_RANGE_LOOP_ANALYSIS = YES;
				CLANG_WARN_STRICT_PROTOTYPES = YES;
				CLANG_WARN_SUSPICIOUS_MOVE = YES;
				CLANG_WARN_UNGUARDED_AVAILABILITY = YES_AGGRESSIVE;
				CLANG_WARN_UNREACHABLE_CODE = YES;
				CLANG_WARN__DUPLICATE_METHOD_MATCH = YES;
				COPY_PHASE_STRIP = NO;
				DEBUG_INFORMATION_FORMAT = dwarf;
				ENABLE_STRICT_OBJC_MSGSEND = YES;
				ENABLE_TESTABILITY = YES;
				GCC_C_LANGUAGE_STANDARD = gnu11;
				GCC_DYNAMIC_NO_PIC = NO;
				GCC_NO_COMMON_BLOCKS = YES;
				GCC_OPTIMIZATION_LEVEL = 0;
				GCC_PREPROCESSOR_DEFINITIONS = (
					"DEBUG=1",
					"$(inherited)",
				);
				GCC_WARN_64_TO_32_BIT_CONVERSION = YES;
				GCC_WARN_ABOUT_RETURN_TYPE = YES_ERROR;
				GCC_WARN_UNDECLARED_SELECTOR = YES;
				GCC_WARN_UNINITIALIZED_AUTOS = YES_AGGRESSIVE;
				GCC_WARN_UNUSED_FUNCTION = YES;
				GCC_WARN_UNUSED_VARIABLE = YES;
				IPHONEOS_DEPLOYMENT_TARGET = 14.3;
				MTL_ENABLE_DEBUG_INFO = INCLUDE_SOURCE;
				MTL_FAST_MATH = YES;
				ONLY_ACTIVE_ARCH = YES;
				SDKROOT = iphoneos;
				SWIFT_ACTIVE_COMPILATION_CONDITIONS = DEBUG;
				SWIFT_OPTIMIZATION_LEVEL = "-Onone";
			};
			name = Debug;
		};
		BBD119C825B6208B00ECA5A1 /* Release */ = {
			isa = XCBuildConfiguration;
			buildSettings = {
				ALWAYS_SEARCH_USER_PATHS = NO;
				CLANG_ANALYZER_NONNULL = YES;
				CLANG_ANALYZER_NUMBER_OBJECT_CONVERSION = YES_AGGRESSIVE;
				CLANG_CXX_LANGUAGE_STANDARD = "gnu++14";
				CLANG_CXX_LIBRARY = "libc++";
				CLANG_ENABLE_MODULES = YES;
				CLANG_ENABLE_OBJC_ARC = YES;
				CLANG_ENABLE_OBJC_WEAK = YES;
				CLANG_WARN_BLOCK_CAPTURE_AUTORELEASING = YES;
				CLANG_WARN_BOOL_CONVERSION = YES;
				CLANG_WARN_COMMA = YES;
				CLANG_WARN_CONSTANT_CONVERSION = YES;
				CLANG_WARN_DEPRECATED_OBJC_IMPLEMENTATIONS = YES;
				CLANG_WARN_DIRECT_OBJC_ISA_USAGE = YES_ERROR;
				CLANG_WARN_DOCUMENTATION_COMMENTS = YES;
				CLANG_WARN_EMPTY_BODY = YES;
				CLANG_WARN_ENUM_CONVERSION = YES;
				CLANG_WARN_INFINITE_RECURSION = YES;
				CLANG_WARN_INT_CONVERSION = YES;
				CLANG_WARN_NON_LITERAL_NULL_CONVERSION = YES;
				CLANG_WARN_OBJC_IMPLICIT_RETAIN_SELF = YES;
				CLANG_WARN_OBJC_LITERAL_CONVERSION = YES;
				CLANG_WARN_OBJC_ROOT_CLASS = YES_ERROR;
				CLANG_WARN_QUOTED_INCLUDE_IN_FRAMEWORK_HEADER = YES;
				CLANG_WARN_RANGE_LOOP_ANALYSIS = YES;
				CLANG_WARN_STRICT_PROTOTYPES = YES;
				CLANG_WARN_SUSPICIOUS_MOVE = YES;
				CLANG_WARN_UNGUARDED_AVAILABILITY = YES_AGGRESSIVE;
				CLANG_WARN_UNREACHABLE_CODE = YES;
				CLANG_WARN__DUPLICATE_METHOD_MATCH = YES;
				COPY_PHASE_STRIP = NO;
				DEBUG_INFORMATION_FORMAT = "dwarf-with-dsym";
				ENABLE_NS_ASSERTIONS = NO;
				ENABLE_STRICT_OBJC_MSGSEND = YES;
				GCC_C_LANGUAGE_STANDARD = gnu11;
				GCC_NO_COMMON_BLOCKS = YES;
				GCC_WARN_64_TO_32_BIT_CONVERSION = YES;
				GCC_WARN_ABOUT_RETURN_TYPE = YES_ERROR;
				GCC_WARN_UNDECLARED_SELECTOR = YES;
				GCC_WARN_UNINITIALIZED_AUTOS = YES_AGGRESSIVE;
				GCC_WARN_UNUSED_FUNCTION = YES;
				GCC_WARN_UNUSED_VARIABLE = YES;
				IPHONEOS_DEPLOYMENT_TARGET = 14.3;
				MTL_ENABLE_DEBUG_INFO = NO;
				MTL_FAST_MATH = YES;
				SDKROOT = iphoneos;
				SWIFT_COMPILATION_MODE = wholemodule;
				SWIFT_OPTIMIZATION_LEVEL = "-O";
				VALIDATE_PRODUCT = YES;
			};
			name = Release;
		};
		BBD119CA25B6208B00ECA5A1 /* Debug */ = {
			isa = XCBuildConfiguration;
			buildSettings = {
				ASSETCATALOG_COMPILER_APPICON_NAME = AppIcon;
				ASSETCATALOG_COMPILER_GLOBAL_ACCENT_COLOR_NAME = AccentColor;
				CODE_SIGN_STYLE = Automatic;
				DEVELOPMENT_ASSET_PATHS = "\"Mobile Weather App/Preview Content\"";
				DEVELOPMENT_TEAM = RKV4UP49S6;
				ENABLE_PREVIEWS = YES;
				INFOPLIST_FILE = "Mobile Weather App/Info.plist";
				IPHONEOS_DEPLOYMENT_TARGET = 15.0;
				LD_RUNPATH_SEARCH_PATHS = (
					"$(inherited)",
					"@executable_path/Frameworks",
				);
				PRODUCT_BUNDLE_IDENTIFIER = "com.createchsol.Mobile-Weather-App";
				PRODUCT_NAME = "$(TARGET_NAME)";
				SWIFT_VERSION = 5.0;
				TARGETED_DEVICE_FAMILY = "1,2";
			};
			name = Debug;
		};
		BBD119CB25B6208B00ECA5A1 /* Release */ = {
			isa = XCBuildConfiguration;
			buildSettings = {
				ASSETCATALOG_COMPILER_APPICON_NAME = AppIcon;
				ASSETCATALOG_COMPILER_GLOBAL_ACCENT_COLOR_NAME = AccentColor;
				CODE_SIGN_STYLE = Automatic;
				DEVELOPMENT_ASSET_PATHS = "\"Mobile Weather App/Preview Content\"";
				DEVELOPMENT_TEAM = RKV4UP49S6;
				ENABLE_PREVIEWS = YES;
				INFOPLIST_FILE = "Mobile Weather App/Info.plist";
				IPHONEOS_DEPLOYMENT_TARGET = 15.0;
				LD_RUNPATH_SEARCH_PATHS = (
					"$(inherited)",
					"@executable_path/Frameworks",
				);
				PRODUCT_BUNDLE_IDENTIFIER = "com.createchsol.Mobile-Weather-App";
				PRODUCT_NAME = "$(TARGET_NAME)";
				SWIFT_VERSION = 5.0;
				TARGETED_DEVICE_FAMILY = "1,2";
			};
			name = Release;
		};
/* End XCBuildConfiguration section */

/* Begin XCConfigurationList section */
		BBD119B525B6208A00ECA5A1 /* Build configuration list for PBXProject "Mobile Weather App" */ = {
			isa = XCConfigurationList;
			buildConfigurations = (
				BBD119C725B6208B00ECA5A1 /* Debug */,
				BBD119C825B6208B00ECA5A1 /* Release */,
			);
			defaultConfigurationIsVisible = 0;
			defaultConfigurationName = Release;
		};
		BBD119C925B6208B00ECA5A1 /* Build configuration list for PBXNativeTarget "Mobile Weather App" */ = {
			isa = XCConfigurationList;
			buildConfigurations = (
				BBD119CA25B6208B00ECA5A1 /* Debug */,
				BBD119CB25B6208B00ECA5A1 /* Release */,
			);
			defaultConfigurationIsVisible = 0;
			defaultConfigurationName = Release;
		};
/* End XCConfigurationList section */

/* Begin XCRemoteSwiftPackageReference section */
		01826F3629F6FF4700DDF7A2 /* XCRemoteSwiftPackageReference "firebase-ios-sdk" */ = {
			isa = XCRemoteSwiftPackageReference;
			repositoryURL = "https://github.com/firebase/firebase-ios-sdk";
			requirement = {
				kind = upToNextMajorVersion;
				minimumVersion = 9.0.0;
			};
		};
		BBD09F1325B8C897002CA189 /* XCRemoteSwiftPackageReference "SDWebImageSwiftUI" */ = {
			isa = XCRemoteSwiftPackageReference;
			repositoryURL = "https://github.com/SDWebImage/SDWebImageSwiftUI";
			requirement = {
				kind = upToNextMajorVersion;
				minimumVersion = 1.5.0;
			};
		};
/* End XCRemoteSwiftPackageReference section */

/* Begin XCSwiftPackageProductDependency section */
		01826F3729F6FF4700DDF7A2 /* FirebaseAnalytics */ = {
			isa = XCSwiftPackageProductDependency;
			package = 01826F3629F6FF4700DDF7A2 /* XCRemoteSwiftPackageReference "firebase-ios-sdk" */;
			productName = FirebaseAnalytics;
		};
		01826F3929F6FF4700DDF7A2 /* FirebaseAnalyticsSwift */ = {
			isa = XCSwiftPackageProductDependency;
			package = 01826F3629F6FF4700DDF7A2 /* XCRemoteSwiftPackageReference "firebase-ios-sdk" */;
			productName = FirebaseAnalyticsSwift;
		};
		01826F3C29F705BE00DDF7A2 /* FirebaseAuth */ = {
			isa = XCSwiftPackageProductDependency;
			package = 01826F3629F6FF4700DDF7A2 /* XCRemoteSwiftPackageReference "firebase-ios-sdk" */;
			productName = FirebaseAuth;
		};
		01826F3E29F71A7700DDF7A2 /* FirebaseFirestoreSwift */ = {
			isa = XCSwiftPackageProductDependency;
			package = 01826F3629F6FF4700DDF7A2 /* XCRemoteSwiftPackageReference "firebase-ios-sdk" */;
			productName = FirebaseFirestoreSwift;
		};
		BBD09F1425B8C897002CA189 /* SDWebImageSwiftUI */ = {
			isa = XCSwiftPackageProductDependency;
			package = BBD09F1325B8C897002CA189 /* XCRemoteSwiftPackageReference "SDWebImageSwiftUI" */;
			productName = SDWebImageSwiftUI;
		};
/* End XCSwiftPackageProductDependency section */
	};
	rootObject = BBD119B225B6208A00ECA5A1 /* Project object */;
}
